
Microsoft Visual Studio Solution File, Format Version 12.00
# Visual Studio Version 17
VisualStudioVersion = 17.4.33122.133
MinimumVisualStudioVersion = 10.0.40219.1
Project("{9A19103F-16F7-4668-BE54-9A1E7A4F7556}") = "facturacion", "facturacion\facturacion.csproj", "{6DD4432F-0F56-46FF-83E8-115A3DBFCB8F}"
EndProject
Project("{FAE04EC0-301F-11D3-BF4B-00C04F79EFBC}") = "dataAcces", "dataAcces\dataAcces.csproj", "{2684C350-A96D-4FB8-BAC4-76414B638C01}"
EndProject
Project("{FAE04EC0-301F-11D3-BF4B-00C04F79EFBC}") = "domain", "domain\domain.csproj", "{19772DB5-BF54-4E40-B3C5-EFDA2C1E69F7}"
EndProject
Global
	GlobalSection(SolutionConfigurationPlatforms) = preSolution
		Debug|Any CPU = Debug|Any CPU
		Release|Any CPU = Release|Any CPU
	EndGlobalSection
	GlobalSection(ProjectConfigurationPlatforms) = postSolution
		{6DD4432F-0F56-46FF-83E8-115A3DBFCB8F}.Debug|Any CPU.ActiveCfg = Debug|Any CPU
		{6DD4432F-0F56-46FF-83E8-115A3DBFCB8F}.Debug|Any CPU.Build.0 = Debug|Any CPU
		{6DD4432F-0F56-46FF-83E8-115A3DBFCB8F}.Release|Any CPU.ActiveCfg = Release|Any CPU
		{6DD4432F-0F56-46FF-83E8-115A3DBFCB8F}.Release|Any CPU.Build.0 = Release|Any CPU
		{2684C350-A96D-4FB8-BAC4-76414B638C01}.Debug|Any CPU.ActiveCfg = Debug|Any CPU
		{2684C350-A96D-4FB8-BAC4-76414B638C01}.Debug|Any CPU.Build.0 = Debug|Any CPU
		{2684C350-A96D-4FB8-BAC4-76414B638C01}.Release|Any CPU.ActiveCfg = Release|Any CPU
		{2684C350-A96D-4FB8-BAC4-76414B638C01}.Release|Any CPU.Build.0 = Release|Any CPU
		{19772DB5-BF54-4E40-B3C5-EFDA2C1E69F7}.Debug|Any CPU.ActiveCfg = Debug|Any CPU
		{19772DB5-BF54-4E40-B3C5-EFDA2C1E69F7}.Debug|Any CPU.Build.0 = Debug|Any CPU
		{19772DB5-BF54-4E40-B3C5-EFDA2C1E69F7}.Release|Any CPU.ActiveCfg = Release|Any CPU
		{19772DB5-BF54-4E40-B3C5-EFDA2C1E69F7}.Release|Any CPU.Build.0 = Release|Any CPU
	EndGlobalSection
	GlobalSection(SolutionProperties) = preSolution
		HideSolutionNode = FALSE
	EndGlobalSection
	GlobalSection(ExtensibilityGlobals) = postSolution
		SolutionGuid = {28AD124A-DB18-4E47-9C96-33FDC2558432}
	EndGlobalSection
EndGlobal
